
Microsoft Visual Studio Solution File, Format Version 12.00
# Visual Studio Version 17
VisualStudioVersion = 17.7.34024.191
MinimumVisualStudioVersion = 10.0.40219.1
Project("{FAE04EC0-301F-11D3-BF4B-00C04F79EFBC}") = "demo-2", "demo-2.csproj", "{AE1AF64B-E27F-47DC-B7CD-C8A15727E882}"
EndProject
Global
	GlobalSection(SolutionConfigurationPlatforms) = preSolution
		Debug|Any CPU = Debug|Any CPU
		Release|Any CPU = Release|Any CPU
	EndGlobalSection
	GlobalSection(ProjectConfigurationPlatforms) = postSolution
		{AE1AF64B-E27F-47DC-B7CD-C8A15727E882}.Debug|Any CPU.ActiveCfg = Debug|Any CPU
		{AE1AF64B-E27F-47DC-B7CD-C8A15727E882}.Debug|Any CPU.Build.0 = Debug|Any CPU
		{AE1AF64B-E27F-47DC-B7CD-C8A15727E882}.Release|Any CPU.ActiveCfg = Release|Any CPU
		{AE1AF64B-E27F-47DC-B7CD-C8A15727E882}.Release|Any CPU.Build.0 = Release|Any CPU
	EndGlobalSection
	GlobalSection(SolutionProperties) = preSolution
		HideSolutionNode = FALSE
	EndGlobalSection
	GlobalSection(ExtensibilityGlobals) = postSolution
		SolutionGuid = {4C9F8613-E552-4A56-8841-A0005A521D17}
	EndGlobalSection
EndGlobal
